NeoBundleLock vim-fugitive 0374322ba5d85ae44dd9dc44ef31ca015a59097e
NeoBundleLock vim-colors-solarized 528a59f26d12278698bb946f8fb82a63711eec21
NeoBundleLock vimfiler.vim 651624ccba23e39f3245a062c8224a267b68af0d
NeoBundleLock neobundle.vim 4a3bb7fb323b62f571c22ff15139fe996dc60ac8
NeoBundleLock vim-surround fa433e0b7330753688f715f3be5d10dc480f20e5
NeoBundleLock vim-commentary 401dbd8abee69defe66acf5e9ccc85e2746c27e2
NeoBundleLock vim-airline 246c217562dfd8541ee0d64600a628daa4195dd2
NeoBundleLock vim-unimpaired 3548479cc154154cbdbb6737ca08a47937cc7113
NeoBundleLock vim-gitgutter 39f011909620e0c7ae555efdace20c3963ac88af
