NeoBundleLock vim-unimpaired 3548479cc154154cbdbb6737ca08a47937cc7113
NeoBundleLock vim-numbertoggle c4d0aaccce5798fd55649d169de262f3dac06312
NeoBundleLock vim-easymotion 868cd71710a48e8ec8acffeabd1eebfb10812c77
NeoBundleLock vim-airline 246c217562dfd8541ee0d64600a628daa4195dd2
NeoBundleLock ctrlp.vim b5d3fe66a58a13d2ff8b6391f4387608496a030f
NeoBundleLock vim-gitgutter 39f011909620e0c7ae555efdace20c3963ac88af
NeoBundleLock neocomplete 5e08a50735029a87207d847af3e1bb9bc3eb8e4b
NeoBundleLock vim-surround fa433e0b7330753688f715f3be5d10dc480f20e5
NeoBundleLock vimfiler.vim 651624ccba23e39f3245a062c8224a267b68af0d
NeoBundleLock emmet-vim 485abffe6c124153481058c82c3e0db28ef33f22
NeoBundleLock vim-fugitive 0374322ba5d85ae44dd9dc44ef31ca015a59097e
NeoBundleLock neosnippet 23327c4379b45798fb5b3e644adb77208c8ce68d
NeoBundleLock vim-commentary 401dbd8abee69defe66acf5e9ccc85e2746c27e2
NeoBundleLock vim-go 9cff1a8f27febfe0aa109b17cc52a9fc150cc7f3
NeoBundleLock vim-colors-solarized 528a59f26d12278698bb946f8fb82a63711eec21
NeoBundleLock neobundle.vim 4a3bb7fb323b62f571c22ff15139fe996dc60ac8
NeoBundleLock neosnippet-snippets 72d841f0f225041addcb758acdea91b06fb864b5
